// !$*UTF8*$!
{
	archiveVersion = 1;
	classes = {
	};
	objectVersion = 51;
	objects = {

/* Begin PBXBuildFile section */
		CA04531D23CD8A4200CE3A73 /* APIKeys.swift in Sources */ = {isa = PBXBuildFile; fileRef = CA04531C23CD8A4200CE3A73 /* APIKeys.swift */; };
		CA083E8C239E185E001F393C /* WeatherTests.swift in Sources */ = {isa = PBXBuildFile; fileRef = CA083E8B239E185E001F393C /* WeatherTests.swift */; };
		CA0BFFF3239CCC1F00301E06 /* WeatherPreviewViewController.swift in Sources */ = {isa = PBXBuildFile; fileRef = CA0BFFF2239CCC1F00301E06 /* WeatherPreviewViewController.swift */; };
		CA37C500239B723000189CC1 /* Weather.xcdatamodeld in Sources */ = {isa = PBXBuildFile; fileRef = CA37C4FE239B723000189CC1 /* Weather.xcdatamodeld */; };
		CA4E6E79239AD150004A301F /* HomeTableViewController.swift in Sources */ = {isa = PBXBuildFile; fileRef = CA4E6E78239AD150004A301F /* HomeTableViewController.swift */; };
		CA4E6E7B239AD173004A301F /* SettingsTableViewController.swift in Sources */ = {isa = PBXBuildFile; fileRef = CA4E6E7A239AD173004A301F /* SettingsTableViewController.swift */; };
		CA4E6E7D239AD19B004A301F /* NetworkCalls.swift in Sources */ = {isa = PBXBuildFile; fileRef = CA4E6E7C239AD19B004A301F /* NetworkCalls.swift */; };
		CA4E6E7F239AD201004A301F /* Structures.swift in Sources */ = {isa = PBXBuildFile; fileRef = CA4E6E7E239AD201004A301F /* Structures.swift */; };
		CA511068239D830100735A56 /* ForecastCollectionViewController.swift in Sources */ = {isa = PBXBuildFile; fileRef = CA511067239D830100735A56 /* ForecastCollectionViewController.swift */; };
		CA51106A239DCD0500735A56 /* DailyForecastTableViewController.swift in Sources */ = {isa = PBXBuildFile; fileRef = CA511069239DCD0500735A56 /* DailyForecastTableViewController.swift */; };
		CAABE11C239B9A4A00F9866F /* MapViewController.swift in Sources */ = {isa = PBXBuildFile; fileRef = CAABE11B239B9A4A00F9866F /* MapViewController.swift */; };
		CAAC50EC238E4DEE0072BE88 /* AppDelegate.swift in Sources */ = {isa = PBXBuildFile; fileRef = CAAC50EB238E4DEE0072BE88 /* AppDelegate.swift */; };
		CAAC50EE238E4DEE0072BE88 /* SceneDelegate.swift in Sources */ = {isa = PBXBuildFile; fileRef = CAAC50ED238E4DEE0072BE88 /* SceneDelegate.swift */; };
		CAAC50F5238E4DEE0072BE88 /* Main.storyboard in Resources */ = {isa = PBXBuildFile; fileRef = CAAC50F3238E4DEE0072BE88 /* Main.storyboard */; };
		CAAC50F7238E4DF00072BE88 /* Assets.xcassets in Resources */ = {isa = PBXBuildFile; fileRef = CAAC50F6238E4DF00072BE88 /* Assets.xcassets */; };
		CAAC50FA238E4DF00072BE88 /* LaunchScreen.storyboard in Resources */ = {isa = PBXBuildFile; fileRef = CAAC50F8238E4DF00072BE88 /* LaunchScreen.storyboard */; };
		F6FC46E2C7ACCFF80719877C /* Pods_Weather.framework in Frameworks */ = {isa = PBXBuildFile; fileRef = F300681DD5045B31957C9071 /* Pods_Weather.framework */; };
/* End PBXBuildFile section */

/* Begin PBXContainerItemProxy section */
		CA083E8E239E185E001F393C /* PBXContainerItemProxy */ = {
			isa = PBXContainerItemProxy;
			containerPortal = CAAC50E0238E4DEE0072BE88 /* Project object */;
			proxyType = 1;
			remoteGlobalIDString = CAAC50E7238E4DEE0072BE88;
			remoteInfo = Weather;
		};
/* End PBXContainerItemProxy section */

/* Begin PBXFileReference section */
		2FC2254F89A6CA51317E763A /* Pods-Weather.debug.xcconfig */ = {isa = PBXFileReference; includeInIndex = 1; lastKnownFileType = text.xcconfig; name = "Pods-Weather.debug.xcconfig"; path = "Target Support Files/Pods-Weather/Pods-Weather.debug.xcconfig"; sourceTree = "<group>"; };
		C63807712C5E085DEDA28AFB /* Pods-Weather.release.xcconfig */ = {isa = PBXFileReference; includeInIndex = 1; lastKnownFileType = text.xcconfig; name = "Pods-Weather.release.xcconfig"; path = "Target Support Files/Pods-Weather/Pods-Weather.release.xcconfig"; sourceTree = "<group>"; };
		CA04531C23CD8A4200CE3A73 /* APIKeys.swift */ = {isa = PBXFileReference; lastKnownFileType = sourcecode.swift; path = APIKeys.swift; sourceTree = "<group>"; };
		CA083E89239E185E001F393C /* WeatherTests.xctest */ = {isa = PBXFileReference; explicitFileType = wrapper.cfbundle; includeInIndex = 0; path = WeatherTests.xctest; sourceTree = BUILT_PRODUCTS_DIR; };
		CA083E8B239E185E001F393C /* WeatherTests.swift */ = {isa = PBXFileReference; lastKnownFileType = sourcecode.swift; path = WeatherTests.swift; sourceTree = "<group>"; };
		CA083E8D239E185E001F393C /* Info.plist */ = {isa = PBXFileReference; lastKnownFileType = text.plist.xml; path = Info.plist; sourceTree = "<group>"; };
		CA0BFFF2239CCC1F00301E06 /* WeatherPreviewViewController.swift */ = {isa = PBXFileReference; lastKnownFileType = sourcecode.swift; path = WeatherPreviewViewController.swift; sourceTree = "<group>"; };
		CA37C4FF239B723000189CC1 /* Weather.xcdatamodel */ = {isa = PBXFileReference; lastKnownFileType = wrapper.xcdatamodel; path = Weather.xcdatamodel; sourceTree = "<group>"; };
		CA4E6E78239AD150004A301F /* HomeTableViewController.swift */ = {isa = PBXFileReference; lastKnownFileType = sourcecode.swift; name = HomeTableViewController.swift; path = /Users/shawnpatel/Documents/Apps/Weather/Weather/HomeTableViewController.swift; sourceTree = "<absolute>"; };
		CA4E6E7A239AD173004A301F /* SettingsTableViewController.swift */ = {isa = PBXFileReference; lastKnownFileType = sourcecode.swift; path = SettingsTableViewController.swift; sourceTree = "<group>"; };
		CA4E6E7C239AD19B004A301F /* NetworkCalls.swift */ = {isa = PBXFileReference; lastKnownFileType = sourcecode.swift; path = NetworkCalls.swift; sourceTree = "<group>"; };
		CA4E6E7E239AD201004A301F /* Structures.swift */ = {isa = PBXFileReference; lastKnownFileType = sourcecode.swift; path = Structures.swift; sourceTree = "<group>"; };
		CA511067239D830100735A56 /* ForecastCollectionViewController.swift */ = {isa = PBXFileReference; lastKnownFileType = sourcecode.swift; path = ForecastCollectionViewController.swift; sourceTree = "<group>"; };
		CA511069239DCD0500735A56 /* DailyForecastTableViewController.swift */ = {isa = PBXFileReference; lastKnownFileType = sourcecode.swift; path = DailyForecastTableViewController.swift; sourceTree = "<group>"; };
		CAABE11B239B9A4A00F9866F /* MapViewController.swift */ = {isa = PBXFileReference; lastKnownFileType = sourcecode.swift; path = MapViewController.swift; sourceTree = "<group>"; };
		CAAC50E8238E4DEE0072BE88 /* Weather.app */ = {isa = PBXFileReference; explicitFileType = wrapper.application; includeInIndex = 0; path = Weather.app; sourceTree = BUILT_PRODUCTS_DIR; };
		CAAC50EB238E4DEE0072BE88 /* AppDelegate.swift */ = {isa = PBXFileReference; lastKnownFileType = sourcecode.swift; path = AppDelegate.swift; sourceTree = "<group>"; };
		CAAC50ED238E4DEE0072BE88 /* SceneDelegate.swift */ = {isa = PBXFileReference; lastKnownFileType = sourcecode.swift; path = SceneDelegate.swift; sourceTree = "<group>"; };
		CAAC50F4238E4DEE0072BE88 /* Base */ = {isa = PBXFileReference; lastKnownFileType = file.storyboard; name = Base; path = Base.lproj/Main.storyboard; sourceTree = "<group>"; };
		CAAC50F6238E4DF00072BE88 /* Assets.xcassets */ = {isa = PBXFileReference; lastKnownFileType = folder.assetcatalog; path = Assets.xcassets; sourceTree = "<group>"; };
		CAAC50F9238E4DF00072BE88 /* Base */ = {isa = PBXFileReference; lastKnownFileType = file.storyboard; name = Base; path = Base.lproj/LaunchScreen.storyboard; sourceTree = "<group>"; };
		CAAC50FB238E4DF00072BE88 /* Info.plist */ = {isa = PBXFileReference; lastKnownFileType = text.plist.xml; path = Info.plist; sourceTree = "<group>"; };
		F300681DD5045B31957C9071 /* Pods_Weather.framework */ = {isa = PBXFileReference; explicitFileType = wrapper.framework; includeInIndex = 0; path = Pods_Weather.framework; sourceTree = BUILT_PRODUCTS_DIR; };
/* End PBXFileReference section */

/* Begin PBXFrameworksBuildPhase section */
		CA083E86239E185E001F393C /* Frameworks */ = {
			isa = PBXFrameworksBuildPhase;
			buildActionMask = 2147483647;
			files = (
			);
			runOnlyForDeploymentPostprocessing = 0;
		};
		CAAC50E5238E4DEE0072BE88 /* Frameworks */ = {
			isa = PBXFrameworksBuildPhase;
			buildActionMask = 2147483647;
			files = (
				F6FC46E2C7ACCFF80719877C /* Pods_Weather.framework in Frameworks */,
			);
			runOnlyForDeploymentPostprocessing = 0;
		};
/* End PBXFrameworksBuildPhase section */

/* Begin PBXGroup section */
		058171C1592C19958C68E3AF /* Frameworks */ = {
			isa = PBXGroup;
			children = (
				F300681DD5045B31957C9071 /* Pods_Weather.framework */,
			);
			name = Frameworks;
			sourceTree = "<group>";
		};
		C9E3CA924554B42D4533C79A /* Pods */ = {
			isa = PBXGroup;
			children = (
				2FC2254F89A6CA51317E763A /* Pods-Weather.debug.xcconfig */,
				C63807712C5E085DEDA28AFB /* Pods-Weather.release.xcconfig */,
			);
			path = Pods;
			sourceTree = "<group>";
		};
		CA083E8A239E185E001F393C /* WeatherTests */ = {
			isa = PBXGroup;
			children = (
				CA083E8B239E185E001F393C /* WeatherTests.swift */,
				CA083E8D239E185E001F393C /* Info.plist */,
			);
			path = WeatherTests;
			sourceTree = "<group>";
		};
		CA0BFFF4239D823400301E06 /* Home */ = {
			isa = PBXGroup;
			children = (
				CA4E6E78239AD150004A301F /* HomeTableViewController.swift */,
			);
			path = Home;
			sourceTree = "<group>";
		};
		CA0BFFF5239D823900301E06 /* Map */ = {
			isa = PBXGroup;
			children = (
				CAABE11B239B9A4A00F9866F /* MapViewController.swift */,
				CA0BFFF2239CCC1F00301E06 /* WeatherPreviewViewController.swift */,
			);
			path = Map;
			sourceTree = "<group>";
		};
		CA0BFFF6239D823E00301E06 /* Settings */ = {
			isa = PBXGroup;
			children = (
				CA4E6E7A239AD173004A301F /* SettingsTableViewController.swift */,
			);
			path = Settings;
			sourceTree = "<group>";
		};
		CA4E6E80239AD209004A301F /* Utilities */ = {
			isa = PBXGroup;
			children = (
				CA4E6E7C239AD19B004A301F /* NetworkCalls.swift */,
				CA4E6E7E239AD201004A301F /* Structures.swift */,
				CA04531C23CD8A4200CE3A73 /* APIKeys.swift */,
			);
			path = Utilities;
			sourceTree = "<group>";
		};
		CA511066239D82E300735A56 /* Forecast */ = {
			isa = PBXGroup;
			children = (
				CA511067239D830100735A56 /* ForecastCollectionViewController.swift */,
				CA511069239DCD0500735A56 /* DailyForecastTableViewController.swift */,
			);
			path = Forecast;
			sourceTree = "<group>";
		};
		CAAC50DF238E4DEE0072BE88 = {
			isa = PBXGroup;
			children = (
				CAAC50EA238E4DEE0072BE88 /* Weather */,
				CA083E8A239E185E001F393C /* WeatherTests */,
				CAAC50E9238E4DEE0072BE88 /* Products */,
				C9E3CA924554B42D4533C79A /* Pods */,
				058171C1592C19958C68E3AF /* Frameworks */,
			);
			sourceTree = "<group>";
		};
		CAAC50E9238E4DEE0072BE88 /* Products */ = {
			isa = PBXGroup;
			children = (
				CAAC50E8238E4DEE0072BE88 /* Weather.app */,
				CA083E89239E185E001F393C /* WeatherTests.xctest */,
			);
			name = Products;
			sourceTree = "<group>";
		};
		CAAC50EA238E4DEE0072BE88 /* Weather */ = {
			isa = PBXGroup;
			children = (
				CAAC50EB238E4DEE0072BE88 /* AppDelegate.swift */,
				CAAC50ED238E4DEE0072BE88 /* SceneDelegate.swift */,
				CA0BFFF4239D823400301E06 /* Home */,
				CA0BFFF5239D823900301E06 /* Map */,
				CA511066239D82E300735A56 /* Forecast */,
				CA0BFFF6239D823E00301E06 /* Settings */,
				CA4E6E80239AD209004A301F /* Utilities */,
				CAAC50F3238E4DEE0072BE88 /* Main.storyboard */,
				CAAC50F8238E4DF00072BE88 /* LaunchScreen.storyboard */,
				CA37C4FE239B723000189CC1 /* Weather.xcdatamodeld */,
				CAAC50F6238E4DF00072BE88 /* Assets.xcassets */,
				CAAC50FB238E4DF00072BE88 /* Info.plist */,
			);
			path = Weather;
			sourceTree = "<group>";
		};
/* End PBXGroup section */

/* Begin PBXNativeTarget section */
		CA083E88239E185E001F393C /* WeatherTests */ = {
			isa = PBXNativeTarget;
			buildConfigurationList = CA083E92239E185E001F393C /* Build configuration list for PBXNativeTarget "WeatherTests" */;
			buildPhases = (
				CA083E85239E185E001F393C /* Sources */,
				CA083E86239E185E001F393C /* Frameworks */,
				CA083E87239E185E001F393C /* Resources */,
			);
			buildRules = (
			);
			dependencies = (
				CA083E8F239E185E001F393C /* PBXTargetDependency */,
			);
			name = WeatherTests;
			productName = WeatherTests;
			productReference = CA083E89239E185E001F393C /* WeatherTests.xctest */;
			productType = "com.apple.product-type.bundle.unit-test";
		};
		CAAC50E7238E4DEE0072BE88 /* Weather */ = {
			isa = PBXNativeTarget;
			buildConfigurationList = CAAC50FE238E4DF00072BE88 /* Build configuration list for PBXNativeTarget "Weather" */;
			buildPhases = (
				45029498869D3C23D43C843A /* [CP] Check Pods Manifest.lock */,
				CAAC50E4238E4DEE0072BE88 /* Sources */,
				CAAC50E5238E4DEE0072BE88 /* Frameworks */,
				CAAC50E6238E4DEE0072BE88 /* Resources */,
				329993FBAC6DA3DF08BA6C29 /* [CP] Embed Pods Frameworks */,
				2CDF2F31E38058022F83E0E7 /* [CP] Copy Pods Resources */,
			);
			buildRules = (
			);
			dependencies = (
			);
			name = Weather;
			productName = Weather;
			productReference = CAAC50E8238E4DEE0072BE88 /* Weather.app */;
			productType = "com.apple.product-type.application";
		};
/* End PBXNativeTarget section */

/* Begin PBXProject section */
		CAAC50E0238E4DEE0072BE88 /* Project object */ = {
			isa = PBXProject;
			attributes = {
				LastSwiftUpdateCheck = 1120;
				LastUpgradeCheck = 1120;
				ORGANIZATIONNAME = "Shawn Patel";
				TargetAttributes = {
					CA083E88239E185E001F393C = {
						CreatedOnToolsVersion = 11.2.1;
						TestTargetID = CAAC50E7238E4DEE0072BE88;
					};
					CAAC50E7238E4DEE0072BE88 = {
						CreatedOnToolsVersion = 11.2.1;
					};
				};
			};
			buildConfigurationList = CAAC50E3238E4DEE0072BE88 /* Build configuration list for PBXProject "Weather" */;
			compatibilityVersion = "Xcode 9.3";
			developmentRegion = en;
			hasScannedForEncodings = 0;
			knownRegions = (
				en,
				Base,
			);
			mainGroup = CAAC50DF238E4DEE0072BE88;
			productRefGroup = CAAC50E9238E4DEE0072BE88 /* Products */;
			projectDirPath = "";
			projectRoot = "";
			targets = (
				CAAC50E7238E4DEE0072BE88 /* Weather */,
				CA083E88239E185E001F393C /* WeatherTests */,
			);
		};
/* End PBXProject section */

/* Begin PBXResourcesBuildPhase section */
		CA083E87239E185E001F393C /* Resources */ = {
			isa = PBXResourcesBuildPhase;
			buildActionMask = 2147483647;
			files = (
			);
			runOnlyForDeploymentPostprocessing = 0;
		};
		CAAC50E6238E4DEE0072BE88 /* Resources */ = {
			isa = PBXResourcesBuildPhase;
			buildActionMask = 2147483647;
			files = (
				CAAC50FA238E4DF00072BE88 /* LaunchScreen.storyboard in Resources */,
				CAAC50F7238E4DF00072BE88 /* Assets.xcassets in Resources */,
				CAAC50F5238E4DEE0072BE88 /* Main.storyboard in Resources */,
			);
			runOnlyForDeploymentPostprocessing = 0;
		};
/* End PBXResourcesBuildPhase section */

/* Begin PBXShellScriptBuildPhase section */
		2CDF2F31E38058022F83E0E7 /* [CP] Copy Pods Resources */ = {
			isa = PBXShellScriptBuildPhase;
			buildActionMask = 2147483647;
			files = (
			);
			inputFileListPaths = (
				"${PODS_ROOT}/Target Support Files/Pods-Weather/Pods-Weather-resources-${CONFIGURATION}-input-files.xcfilelist",
			);
			name = "[CP] Copy Pods Resources";
			outputFileListPaths = (
				"${PODS_ROOT}/Target Support Files/Pods-Weather/Pods-Weather-resources-${CONFIGURATION}-output-files.xcfilelist",
			);
			runOnlyForDeploymentPostprocessing = 0;
			shellPath = /bin/sh;
			shellScript = "\"${PODS_ROOT}/Target Support Files/Pods-Weather/Pods-Weather-resources.sh\"\n";
			showEnvVarsInLog = 0;
		};
		329993FBAC6DA3DF08BA6C29 /* [CP] Embed Pods Frameworks */ = {
			isa = PBXShellScriptBuildPhase;
			buildActionMask = 2147483647;
			files = (
			);
			inputFileListPaths = (
				"${PODS_ROOT}/Target Support Files/Pods-Weather/Pods-Weather-frameworks-${CONFIGURATION}-input-files.xcfilelist",
			);
			name = "[CP] Embed Pods Frameworks";
			outputFileListPaths = (
				"${PODS_ROOT}/Target Support Files/Pods-Weather/Pods-Weather-frameworks-${CONFIGURATION}-output-files.xcfilelist",
			);
			runOnlyForDeploymentPostprocessing = 0;
			shellPath = /bin/sh;
			shellScript = "\"${PODS_ROOT}/Target Support Files/Pods-Weather/Pods-Weather-frameworks.sh\"\n";
			showEnvVarsInLog = 0;
		};
		45029498869D3C23D43C843A /* [CP] Check Pods Manifest.lock */ = {
			isa = PBXShellScriptBuildPhase;
			buildActionMask = 2147483647;
			files = (
			);
			inputFileListPaths = (
			);
			inputPaths = (
				"${PODS_PODFILE_DIR_PATH}/Podfile.lock",
				"${PODS_ROOT}/Manifest.lock",
			);
			name = "[CP] Check Pods Manifest.lock";
			outputFileListPaths = (
			);
			outputPaths = (
				"$(DERIVED_FILE_DIR)/Pods-Weather-checkManifestLockResult.txt",
			);
			runOnlyForDeploymentPostprocessing = 0;
			shellPath = /bin/sh;
			shellScript = "diff \"${PODS_PODFILE_DIR_PATH}/Podfile.lock\" \"${PODS_ROOT}/Manifest.lock\" > /dev/null\nif [ $? != 0 ] ; then\n    # print error to STDERR\n    echo \"error: The sandbox is not in sync with the Podfile.lock. Run 'pod install' or update your CocoaPods installation.\" >&2\n    exit 1\nfi\n# This output is used by Xcode 'outputs' to avoid re-running this script phase.\necho \"SUCCESS\" > \"${SCRIPT_OUTPUT_FILE_0}\"\n";
			showEnvVarsInLog = 0;
		};
/* End PBXShellScriptBuildPhase section */

/* Begin PBXSourcesBuildPhase section */
		CA083E85239E185E001F393C /* Sources */ = {
			isa = PBXSourcesBuildPhase;
			buildActionMask = 2147483647;
			files = (
				CA083E8C239E185E001F393C /* WeatherTests.swift in Sources */,
			);
			runOnlyForDeploymentPostprocessing = 0;
		};
		CAAC50E4238E4DEE0072BE88 /* Sources */ = {
			isa = PBXSourcesBuildPhase;
			buildActionMask = 2147483647;
			files = (
				CA4E6E7B239AD173004A301F /* SettingsTableViewController.swift in Sources */,
				CA4E6E7F239AD201004A301F /* Structures.swift in Sources */,
				CA37C500239B723000189CC1 /* Weather.xcdatamodeld in Sources */,
				CA4E6E79239AD150004A301F /* HomeTableViewController.swift in Sources */,
				CAAC50EC238E4DEE0072BE88 /* AppDelegate.swift in Sources */,
				CA511068239D830100735A56 /* ForecastCollectionViewController.swift in Sources */,
				CAAC50EE238E4DEE0072BE88 /* SceneDelegate.swift in Sources */,
				CA04531D23CD8A4200CE3A73 /* APIKeys.swift in Sources */,
				CA0BFFF3239CCC1F00301E06 /* WeatherPreviewViewController.swift in Sources */,
				CA4E6E7D239AD19B004A301F /* NetworkCalls.swift in Sources */,
				CAABE11C239B9A4A00F9866F /* MapViewController.swift in Sources */,
				CA51106A239DCD0500735A56 /* DailyForecastTableViewController.swift in Sources */,
			);
			runOnlyForDeploymentPostprocessing = 0;
		};
/* End PBXSourcesBuildPhase section */

/* Begin PBXTargetDependency section */
		CA083E8F239E185E001F393C /* PBXTargetDependency */ = {
			isa = PBXTargetDependency;
			target = CAAC50E7238E4DEE0072BE88 /* Weather */;
			targetProxy = CA083E8E239E185E001F393C /* PBXContainerItemProxy */;
		};
/* End PBXTargetDependency section */

/* Begin PBXVariantGroup section */
		CAAC50F3238E4DEE0072BE88 /* Main.storyboard */ = {
			isa = PBXVariantGroup;
			children = (
				CAAC50F4238E4DEE0072BE88 /* Base */,
			);
			name = Main.storyboard;
			sourceTree = "<group>";
		};
		CAAC50F8238E4DF00072BE88 /* LaunchScreen.storyboard */ = {
			isa = PBXVariantGroup;
			children = (
				CAAC50F9238E4DF00072BE88 /* Base */,
			);
			name = LaunchScreen.storyboard;
			sourceTree = "<group>";
		};
/* End PBXVariantGroup section */

/* Begin XCBuildConfiguration section */
		CA083E90239E185E001F393C /* Debug */ = {
			isa = XCBuildConfiguration;
			buildSettings = {
				BUNDLE_LOADER = "$(TEST_HOST)";
				CODE_SIGN_STYLE = Automatic;
				DEVELOPMENT_TEAM = YBJ2RY5U57;
				INFOPLIST_FILE = WeatherTests/Info.plist;
				LD_RUNPATH_SEARCH_PATHS = (
					"$(inherited)",
					"@executable_path/Frameworks",
					"@loader_path/Frameworks",
				);
				PRODUCT_BUNDLE_IDENTIFIER = com.shawnpatel.WeatherTests;
				PRODUCT_NAME = "$(TARGET_NAME)";
				SWIFT_VERSION = 5.0;
				TARGETED_DEVICE_FAMILY = "1,2";
				TEST_HOST = "$(BUILT_PRODUCTS_DIR)/Weather.app/Weather";
			};
			name = Debug;
		};
		CA083E91239E185E001F393C /* Release */ = {
			isa = XCBuildConfiguration;
			buildSettings = {
				BUNDLE_LOADER = "$(TEST_HOST)";
				CODE_SIGN_STYLE = Automatic;
				DEVELOPMENT_TEAM = YBJ2RY5U57;
				INFOPLIST_FILE = WeatherTests/Info.plist;
				LD_RUNPATH_SEARCH_PATHS = (
					"$(inherited)",
					"@executable_path/Frameworks",
					"@loader_path/Frameworks",
				);
				PRODUCT_BUNDLE_IDENTIFIER = com.shawnpatel.WeatherTests;
				PRODUCT_NAME = "$(TARGET_NAME)";
				SWIFT_VERSION = 5.0;
				TARGETED_DEVICE_FAMILY = "1,2";
				TEST_HOST = "$(BUILT_PRODUCTS_DIR)/Weather.app/Weather";
			};
			name = Release;
		};
		CAAC50FC238E4DF00072BE88 /* Debug */ = {
			isa = XCBuildConfiguration;
			buildSettings = {
				ALWAYS_SEARCH_USER_PATHS = NO;
				CLANG_ANALYZER_NONNULL = YES;
				CLANG_ANALYZER_NUMBER_OBJECT_CONVERSION = YES_AGGRESSIVE;
				CLANG_CXX_LANGUAGE_STANDARD = "gnu++14";
				CLANG_CXX_LIBRARY = "libc++";
				CLANG_ENABLE_MODULES = YES;
				CLANG_ENABLE_OBJC_ARC = YES;
				CLANG_ENABLE_OBJC_WEAK = YES;
				CLANG_WARN_BLOCK_CAPTURE_AUTORELEASING = YES;
				CLANG_WARN_BOOL_CONVERSION = YES;
				CLANG_WARN_COMMA = YES;
				CLANG_WARN_CONSTANT_CONVERSION = YES;
				CLANG_WARN_DEPRECATED_OBJC_IMPLEMENTATIONS = YES;
				CLANG_WARN_DIRECT_OBJC_ISA_USAGE = YES_ERROR;
				CLANG_WARN_DOCUMENTATION_COMMENTS = YES;
				CLANG_WARN_EMPTY_BODY = YES;
				CLANG_WARN_ENUM_CONVERSION = YES;
				CLANG_WARN_INFINITE_RECURSION = YES;
				CLANG_WARN_INT_CONVERSION = YES;
				CLANG_WARN_NON_LITERAL_NULL_CONVERSION = YES;
				CLANG_WARN_OBJC_IMPLICIT_RETAIN_SELF = YES;
				CLANG_WARN_OBJC_LITERAL_CONVERSION = YES;
				CLANG_WARN_OBJC_ROOT_CLASS = YES_ERROR;
				CLANG_WARN_RANGE_LOOP_ANALYSIS = YES;
				CLANG_WARN_STRICT_PROTOTYPES = YES;
				CLANG_WARN_SUSPICIOUS_MOVE = YES;
				CLANG_WARN_UNGUARDED_AVAILABILITY = YES_AGGRESSIVE;
				CLANG_WARN_UNREACHABLE_CODE = YES;
				CLANG_WARN__DUPLICATE_METHOD_MATCH = YES;
				COPY_PHASE_STRIP = NO;
				DEBUG_INFORMATION_FORMAT = dwarf;
				ENABLE_STRICT_OBJC_MSGSEND = YES;
				ENABLE_TESTABILITY = YES;
				GCC_C_LANGUAGE_STANDARD = gnu11;
				GCC_DYNAMIC_NO_PIC = NO;
				GCC_NO_COMMON_BLOCKS = YES;
				GCC_OPTIMIZATION_LEVEL = 0;
				GCC_PREPROCESSOR_DEFINITIONS = (
					"DEBUG=1",
					"$(inherited)",
				);
				GCC_WARN_64_TO_32_BIT_CONVERSION = YES;
				GCC_WARN_ABOUT_RETURN_TYPE = YES_ERROR;
				GCC_WARN_UNDECLARED_SELECTOR = YES;
				GCC_WARN_UNINITIALIZED_AUTOS = YES_AGGRESSIVE;
				GCC_WARN_UNUSED_FUNCTION = YES;
				GCC_WARN_UNUSED_VARIABLE = YES;
				IPHONEOS_DEPLOYMENT_TARGET = 13.2;
				MTL_ENABLE_DEBUG_INFO = INCLUDE_SOURCE;
				MTL_FAST_MATH = YES;
				ONLY_ACTIVE_ARCH = YES;
				SDKROOT = iphoneos;
				SWIFT_ACTIVE_COMPILATION_CONDITIONS = DEBUG;
				SWIFT_OPTIMIZATION_LEVEL = "-Onone";
			};
			name = Debug;
		};
		CAAC50FD238E4DF00072BE88 /* Release */ = {
			isa = XCBuildConfiguration;
			buildSettings = {
				ALWAYS_SEARCH_USER_PATHS = NO;
				CLANG_ANALYZER_NONNULL = YES;
				CLANG_ANALYZER_NUMBER_OBJECT_CONVERSION = YES_AGGRESSIVE;
				CLANG_CXX_LANGUAGE_STANDARD = "gnu++14";
				CLANG_CXX_LIBRARY = "libc++";
				CLANG_ENABLE_MODULES = YES;
				CLANG_ENABLE_OBJC_ARC = YES;
				CLANG_ENABLE_OBJC_WEAK = YES;
				CLANG_WARN_BLOCK_CAPTURE_AUTORELEASING = YES;
				CLANG_WARN_BOOL_CONVERSION = YES;
				CLANG_WARN_COMMA = YES;
				CLANG_WARN_CONSTANT_CONVERSION = YES;
				CLANG_WARN_DEPRECATED_OBJC_IMPLEMENTATIONS = YES;
				CLANG_WARN_DIRECT_OBJC_ISA_USAGE = YES_ERROR;
				CLANG_WARN_DOCUMENTATION_COMMENTS = YES;
				CLANG_WARN_EMPTY_BODY = YES;
				CLANG_WARN_ENUM_CONVERSION = YES;
				CLANG_WARN_INFINITE_RECURSION = YES;
				CLANG_WARN_INT_CONVERSION = YES;
				CLANG_WARN_NON_LITERAL_NULL_CONVERSION = YES;
				CLANG_WARN_OBJC_IMPLICIT_RETAIN_SELF = YES;
				CLANG_WARN_OBJC_LITERAL_CONVERSION = YES;
				CLANG_WARN_OBJC_ROOT_CLASS = YES_ERROR;
				CLANG_WARN_RANGE_LOOP_ANALYSIS = YES;
				CLANG_WARN_STRICT_PROTOTYPES = YES;
				CLANG_WARN_SUSPICIOUS_MOVE = YES;
				CLANG_WARN_UNGUARDED_AVAILABILITY = YES_AGGRESSIVE;
				CLANG_WARN_UNREACHABLE_CODE = YES;
				CLANG_WARN__DUPLICATE_METHOD_MATCH = YES;
				COPY_PHASE_STRIP = NO;
				DEBUG_INFORMATION_FORMAT = "dwarf-with-dsym";
				ENABLE_NS_ASSERTIONS = NO;
				ENABLE_STRICT_OBJC_MSGSEND = YES;
				GCC_C_LANGUAGE_STANDARD = gnu11;
				GCC_NO_COMMON_BLOCKS = YES;
				GCC_WARN_64_TO_32_BIT_CONVERSION = YES;
				GCC_WARN_ABOUT_RETURN_TYPE = YES_ERROR;
				GCC_WARN_UNDECLARED_SELECTOR = YES;
				GCC_WARN_UNINITIALIZED_AUTOS = YES_AGGRESSIVE;
				GCC_WARN_UNUSED_FUNCTION = YES;
				GCC_WARN_UNUSED_VARIABLE = YES;
				IPHONEOS_DEPLOYMENT_TARGET = 13.2;
				MTL_ENABLE_DEBUG_INFO = NO;
				MTL_FAST_MATH = YES;
				SDKROOT = iphoneos;
				SWIFT_COMPILATION_MODE = wholemodule;
				SWIFT_OPTIMIZATION_LEVEL = "-O";
				VALIDATE_PRODUCT = YES;
			};
			name = Release;
		};
		CAAC50FF238E4DF00072BE88 /* Debug */ = {
			isa = XCBuildConfiguration;
			baseConfigurationReference = 2FC2254F89A6CA51317E763A /* Pods-Weather.debug.xcconfig */;
			buildSettings = {
				ASSETCATALOG_COMPILER_APPICON_NAME = AppIcon;
				CODE_SIGN_STYLE = Automatic;
				DEVELOPMENT_TEAM = YBJ2RY5U57;
				INFOPLIST_FILE = Weather/Info.plist;
				IPHONEOS_DEPLOYMENT_TARGET = 13.1;
				LD_RUNPATH_SEARCH_PATHS = (
					"$(inherited)",
					"@executable_path/Frameworks",
				);
				PRODUCT_BUNDLE_IDENTIFIER = com.shawnpatel.Weather;
				PRODUCT_NAME = "$(TARGET_NAME)";
				SWIFT_VERSION = 5.0;
				TARGETED_DEVICE_FAMILY = "1,2";
			};
			name = Debug;
		};
		CAAC5100238E4DF00072BE88 /* Release */ = {
			isa = XCBuildConfiguration;
			baseConfigurationReference = C63807712C5E085DEDA28AFB /* Pods-Weather.release.xcconfig */;
			buildSettings = {
				ASSETCATALOG_COMPILER_APPICON_NAME = AppIcon;
				CODE_SIGN_STYLE = Automatic;
				DEVELOPMENT_TEAM = YBJ2RY5U57;
				INFOPLIST_FILE = Weather/Info.plist;
				IPHONEOS_DEPLOYMENT_TARGET = 13.1;
				LD_RUNPATH_SEARCH_PATHS = (
					"$(inherited)",
					"@executable_path/Frameworks",
				);
				PRODUCT_BUNDLE_IDENTIFIER = com.shawnpatel.Weather;
				PRODUCT_NAME = "$(TARGET_NAME)";
				SWIFT_VERSION = 5.0;
				TARGETED_DEVICE_FAMILY = "1,2";
			};
			name = Release;
		};
/* End XCBuildConfiguration section */

/* Begin XCConfigurationList section */
		CA083E92239E185E001F393C /* Build configuration list for PBXNativeTarget "WeatherTests" */ = {
			isa = XCConfigurationList;
			buildConfigurations = (
				CA083E90239E185E001F393C /* Debug */,
				CA083E91239E185E001F393C /* Release */,
			);
			defaultConfigurationIsVisible = 0;
			defaultConfigurationName = Release;
		};
		CAAC50E3238E4DEE0072BE88 /* Build configuration list for PBXProject "Weather" */ = {
			isa = XCConfigurationList;
			buildConfigurations = (
				CAAC50FC238E4DF00072BE88 /* Debug */,
				CAAC50FD238E4DF00072BE88 /* Release */,
			);
			defaultConfigurationIsVisible = 0;
			defaultConfigurationName = Release;
		};
		CAAC50FE238E4DF00072BE88 /* Build configuration list for PBXNativeTarget "Weather" */ = {
			isa = XCConfigurationList;
			buildConfigurations = (
				CAAC50FF238E4DF00072BE88 /* Debug */,
				CAAC5100238E4DF00072BE88 /* Release */,
			);
			defaultConfigurationIsVisible = 0;
			defaultConfigurationName = Release;
		};
/* End XCConfigurationList section */

/* Begin XCVersionGroup section */
		CA37C4FE239B723000189CC1 /* Weather.xcdatamodeld */ = {
			isa = XCVersionGroup;
			children = (
				CA37C4FF239B723000189CC1 /* Weather.xcdatamodel */,
			);
			currentVersion = CA37C4FF239B723000189CC1 /* Weather.xcdatamodel */;
			path = Weather.xcdatamodeld;
			sourceTree = "<group>";
			versionGroupType = wrapper.xcdatamodel;
		};
/* End XCVersionGroup section */
	};
	rootObject = CAAC50E0238E4DEE0072BE88 /* Project object */;
}
